
Microsoft Visual Studio Solution File, Format Version 12.00
# Visual Studio Version 17
VisualStudioVersion = 17.4.33205.214
MinimumVisualStudioVersion = 10.0.40219.1
Project("{FAE04EC0-301F-11D3-BF4B-00C04F79EFBC}") = "CookieAuthentication", "CookieAuthentication.csproj", "{36F4CFC8-EBE1-4187-93B3-168B27C47A1B}"
EndProject
Global
	GlobalSection(SolutionConfigurationPlatforms) = preSolution
		Debug|Any CPU = Debug|Any CPU
		Release|Any CPU = Release|Any CPU
	EndGlobalSection
	GlobalSection(ProjectConfigurationPlatforms) = postSolution
		{36F4CFC8-EBE1-4187-93B3-168B27C47A1B}.Debug|Any CPU.ActiveCfg = Debug|Any CPU
		{36F4CFC8-EBE1-4187-93B3-168B27C47A1B}.Debug|Any CPU.Build.0 = Debug|Any CPU
		{36F4CFC8-EBE1-4187-93B3-168B27C47A1B}.Release|Any CPU.ActiveCfg = Release|Any CPU
		{36F4CFC8-EBE1-4187-93B3-168B27C47A1B}.Release|Any CPU.Build.0 = Release|Any CPU
	EndGlobalSection
	GlobalSection(SolutionProperties) = preSolution
		HideSolutionNode = FALSE
	EndGlobalSection
	GlobalSection(ExtensibilityGlobals) = postSolution
		SolutionGuid = {87298768-1B77-4E08-8B37-773CB6C4F34E}
	EndGlobalSection
EndGlobal
